
Microsoft Visual Studio Solution File, Format Version 12.00
# Visual Studio Version 17
VisualStudioVersion = 17.4.33213.308
MinimumVisualStudioVersion = 10.0.40219.1
Project("{FAE04EC0-301F-11D3-BF4B-00C04F79EFBC}") = "FlightAPI", "FlightAPI\FlightAPI.csproj", "{C61D735F-357C-4606-A1CC-8B3F948D055C}"
EndProject
Global
	GlobalSection(SolutionConfigurationPlatforms) = preSolution
		Debug|Any CPU = Debug|Any CPU
		Release|Any CPU = Release|Any CPU
	EndGlobalSection
	GlobalSection(ProjectConfigurationPlatforms) = postSolution
		{C61D735F-357C-4606-A1CC-8B3F948D055C}.Debug|Any CPU.ActiveCfg = Debug|Any CPU
		{C61D735F-357C-4606-A1CC-8B3F948D055C}.Debug|Any CPU.Build.0 = Debug|Any CPU
		{C61D735F-357C-4606-A1CC-8B3F948D055C}.Release|Any CPU.ActiveCfg = Release|Any CPU
		{C61D735F-357C-4606-A1CC-8B3F948D055C}.Release|Any CPU.Build.0 = Release|Any CPU
	EndGlobalSection
	GlobalSection(SolutionProperties) = preSolution
		HideSolutionNode = FALSE
	EndGlobalSection
	GlobalSection(ExtensibilityGlobals) = postSolution
		SolutionGuid = {A07B3768-8922-4B6C-977D-266C1CE59C71}
	EndGlobalSection
EndGlobal
